
Microsoft Visual Studio Solution File, Format Version 12.00
# Visual Studio Version 17
VisualStudioVersion = 17.0.31903.59
MinimumVisualStudioVersion = 10.0.40219.1
Project("{2150E333-8FDC-42A3-9474-1A3956D46DE8}") = "OrderService", "OrderService", "{1CDB8257-D98E-AF38-204D-5645D4EEB404}"
EndProject
Project("{FAE04EC0-301F-11D3-BF4B-00C04F79EFBC}") = "Order.API", "OrderService\Order.API\Order.API.csproj", "{4926CE11-19C6-429C-BC74-20F45F229050}"
EndProject
Project("{FAE04EC0-301F-11D3-BF4B-00C04F79EFBC}") = "Order.Application", "OrderService\Order.Application\Order.Application.csproj", "{D5923636-7C41-4063-A031-FB0D9AC4A1DF}"
EndProject
Project("{FAE04EC0-301F-11D3-BF4B-00C04F79EFBC}") = "Order.Domain", "OrderService\Order.Domain\Order.Domain.csproj", "{64A26A1C-E98A-4797-834A-F5D39AE39896}"
EndProject
Project("{FAE04EC0-301F-11D3-BF4B-00C04F79EFBC}") = "Order.Infra", "OrderService\Order.Infra\Order.Infra.csproj", "{8CF0D6F7-815F-4E1D-9983-C3AF4B0559C4}"
EndProject
Project("{FAE04EC0-301F-11D3-BF4B-00C04F79EFBC}") = "Order.IoC", "OrderService\Order.IoC\Order.IoC.csproj", "{723A0B47-69C6-4EDA-AD4F-ADB1A2BB0236}"
EndProject
Project("{2150E333-8FDC-42A3-9474-1A3956D46DE8}") = "InventoryService", "InventoryService", "{2C0108AB-5D27-61AE-3E27-841A964D9CD4}"
EndProject
Project("{FAE04EC0-301F-11D3-BF4B-00C04F79EFBC}") = "Inventory.API", "InventoryService\Inventory.API\Inventory.API.csproj", "{61368F03-437B-47FF-BF2A-6014B5CD63E7}"
EndProject
Project("{FAE04EC0-301F-11D3-BF4B-00C04F79EFBC}") = "Inventory.Application", "InventoryService\Inventory.Application\Inventory.Application.csproj", "{F724A1C4-AF0A-4C95-8ED3-1EF1C6FC9F71}"
EndProject
Project("{FAE04EC0-301F-11D3-BF4B-00C04F79EFBC}") = "Inventory.Domain", "InventoryService\Inventory.Domain\Inventory.Domain.csproj", "{935D30F3-5F89-4389-B1A9-CCDCDCA0746E}"
EndProject
Project("{FAE04EC0-301F-11D3-BF4B-00C04F79EFBC}") = "Inventory.Infra", "InventoryService\Inventory.Infra\Inventory.Infra.csproj", "{A38928BF-8B62-42BB-A9EA-BFCB0D469072}"
EndProject
Project("{FAE04EC0-301F-11D3-BF4B-00C04F79EFBC}") = "Inventory.IoC", "InventoryService\Inventory.IoC\Inventory.IoC.csproj", "{AB4E7D61-E8D4-46C9-815B-4E8370647FF7}"
EndProject
Project("{2150E333-8FDC-42A3-9474-1A3956D46DE8}") = "BuildingBlocks", "BuildingBlocks", "{7266C4A9-E384-DC00-0EB6-47F6002CFBA7}"
EndProject
Project("{FAE04EC0-301F-11D3-BF4B-00C04F79EFBC}") = "Contracts", "BuildingBlocks\Contracts\Contracts.csproj", "{A7192845-7E84-4EC6-9005-616012D975DD}"
EndProject
Global
	GlobalSection(SolutionConfigurationPlatforms) = preSolution
		Debug|Any CPU = Debug|Any CPU
		Debug|x64 = Debug|x64
		Debug|x86 = Debug|x86
		Release|Any CPU = Release|Any CPU
		Release|x64 = Release|x64
		Release|x86 = Release|x86
	EndGlobalSection
	GlobalSection(ProjectConfigurationPlatforms) = postSolution
		{4926CE11-19C6-429C-BC74-20F45F229050}.Debug|Any CPU.ActiveCfg = Debug|Any CPU
		{4926CE11-19C6-429C-BC74-20F45F229050}.Debug|Any CPU.Build.0 = Debug|Any CPU
		{4926CE11-19C6-429C-BC74-20F45F229050}.Debug|x64.ActiveCfg = Debug|Any CPU
		{4926CE11-19C6-429C-BC74-20F45F229050}.Debug|x64.Build.0 = Debug|Any CPU
		{4926CE11-19C6-429C-BC74-20F45F229050}.Debug|x86.ActiveCfg = Debug|Any CPU
		{4926CE11-19C6-429C-BC74-20F45F229050}.Debug|x86.Build.0 = Debug|Any CPU
		{4926CE11-19C6-429C-BC74-20F45F229050}.Release|Any CPU.ActiveCfg = Release|Any CPU
		{4926CE11-19C6-429C-BC74-20F45F229050}.Release|Any CPU.Build.0 = Release|Any CPU
		{4926CE11-19C6-429C-BC74-20F45F229050}.Release|x64.ActiveCfg = Release|Any CPU
		{4926CE11-19C6-429C-BC74-20F45F229050}.Release|x64.Build.0 = Release|Any CPU
		{4926CE11-19C6-429C-BC74-20F45F229050}.Release|x86.ActiveCfg = Release|Any CPU
		{4926CE11-19C6-429C-BC74-20F45F229050}.Release|x86.Build.0 = Release|Any CPU
		{D5923636-7C41-4063-A031-FB0D9AC4A1DF}.Debug|Any CPU.ActiveCfg = Debug|Any CPU
		{D5923636-7C41-4063-A031-FB0D9AC4A1DF}.Debug|Any CPU.Build.0 = Debug|Any CPU
		{D5923636-7C41-4063-A031-FB0D9AC4A1DF}.Debug|x64.ActiveCfg = Debug|Any CPU
		{D5923636-7C41-4063-A031-FB0D9AC4A1DF}.Debug|x64.Build.0 = Debug|Any CPU
		{D5923636-7C41-4063-A031-FB0D9AC4A1DF}.Debug|x86.ActiveCfg = Debug|Any CPU
		{D5923636-7C41-4063-A031-FB0D9AC4A1DF}.Debug|x86.Build.0 = Debug|Any CPU
		{D5923636-7C41-4063-A031-FB0D9AC4A1DF}.Release|Any CPU.ActiveCfg = Release|Any CPU
		{D5923636-7C41-4063-A031-FB0D9AC4A1DF}.Release|Any CPU.Build.0 = Release|Any CPU
		{D5923636-7C41-4063-A031-FB0D9AC4A1DF}.Release|x64.ActiveCfg = Release|Any CPU
		{D5923636-7C41-4063-A031-FB0D9AC4A1DF}.Release|x64.Build.0 = Release|Any CPU
		{D5923636-7C41-4063-A031-FB0D9AC4A1DF}.Release|x86.ActiveCfg = Release|Any CPU
		{D5923636-7C41-4063-A031-FB0D9AC4A1DF}.Release|x86.Build.0 = Release|Any CPU
		{64A26A1C-E98A-4797-834A-F5D39AE39896}.Debug|Any CPU.ActiveCfg = Debug|Any CPU
		{64A26A1C-E98A-4797-834A-F5D39AE39896}.Debug|Any CPU.Build.0 = Debug|Any CPU
		{64A26A1C-E98A-4797-834A-F5D39AE39896}.Debug|x64.ActiveCfg = Debug|Any CPU
		{64A26A1C-E98A-4797-834A-F5D39AE39896}.Debug|x64.Build.0 = Debug|Any CPU
		{64A26A1C-E98A-4797-834A-F5D39AE39896}.Debug|x86.ActiveCfg = Debug|Any CPU
		{64A26A1C-E98A-4797-834A-F5D39AE39896}.Debug|x86.Build.0 = Debug|Any CPU
		{64A26A1C-E98A-4797-834A-F5D39AE39896}.Release|Any CPU.ActiveCfg = Release|Any CPU
		{64A26A1C-E98A-4797-834A-F5D39AE39896}.Release|Any CPU.Build.0 = Release|Any CPU
		{64A26A1C-E98A-4797-834A-F5D39AE39896}.Release|x64.ActiveCfg = Release|Any CPU
		{64A26A1C-E98A-4797-834A-F5D39AE39896}.Release|x64.Build.0 = Release|Any CPU
		{64A26A1C-E98A-4797-834A-F5D39AE39896}.Release|x86.ActiveCfg = Release|Any CPU
		{64A26A1C-E98A-4797-834A-F5D39AE39896}.Release|x86.Build.0 = Release|Any CPU
		{8CF0D6F7-815F-4E1D-9983-C3AF4B0559C4}.Debug|Any CPU.ActiveCfg = Debug|Any CPU
		{8CF0D6F7-815F-4E1D-9983-C3AF4B0559C4}.Debug|Any CPU.Build.0 = Debug|Any CPU
		{8CF0D6F7-815F-4E1D-9983-C3AF4B0559C4}.Debug|x64.ActiveCfg = Debug|Any CPU
		{8CF0D6F7-815F-4E1D-9983-C3AF4B0559C4}.Debug|x64.Build.0 = Debug|Any CPU
		{8CF0D6F7-815F-4E1D-9983-C3AF4B0559C4}.Debug|x86.ActiveCfg = Debug|Any CPU
		{8CF0D6F7-815F-4E1D-9983-C3AF4B0559C4}.Debug|x86.Build.0 = Debug|Any CPU
		{8CF0D6F7-815F-4E1D-9983-C3AF4B0559C4}.Release|Any CPU.ActiveCfg = Release|Any CPU
		{8CF0D6F7-815F-4E1D-9983-C3AF4B0559C4}.Release|Any CPU.Build.0 = Release|Any CPU
		{8CF0D6F7-815F-4E1D-9983-C3AF4B0559C4}.Release|x64.ActiveCfg = Release|Any CPU
		{8CF0D6F7-815F-4E1D-9983-C3AF4B0559C4}.Release|x64.Build.0 = Release|Any CPU
		{8CF0D6F7-815F-4E1D-9983-C3AF4B0559C4}.Release|x86.ActiveCfg = Release|Any CPU
		{8CF0D6F7-815F-4E1D-9983-C3AF4B0559C4}.Release|x86.Build.0 = Release|Any CPU
		{723A0B47-69C6-4EDA-AD4F-ADB1A2BB0236}.Debug|Any CPU.ActiveCfg = Debug|Any CPU
		{723A0B47-69C6-4EDA-AD4F-ADB1A2BB0236}.Debug|Any CPU.Build.0 = Debug|Any CPU
		{723A0B47-69C6-4EDA-AD4F-ADB1A2BB0236}.Debug|x64.ActiveCfg = Debug|Any CPU
		{723A0B47-69C6-4EDA-AD4F-ADB1A2BB0236}.Debug|x64.Build.0 = Debug|Any CPU
		{723A0B47-69C6-4EDA-AD4F-ADB1A2BB0236}.Debug|x86.ActiveCfg = Debug|Any CPU
		{723A0B47-69C6-4EDA-AD4F-ADB1A2BB0236}.Debug|x86.Build.0 = Debug|Any CPU
		{723A0B47-69C6-4EDA-AD4F-ADB1A2BB0236}.Release|Any CPU.ActiveCfg = Release|Any CPU
		{723A0B47-69C6-4EDA-AD4F-ADB1A2BB0236}.Release|Any CPU.Build.0 = Release|Any CPU
		{723A0B47-69C6-4EDA-AD4F-ADB1A2BB0236}.Release|x64.ActiveCfg = Release|Any CPU
		{723A0B47-69C6-4EDA-AD4F-ADB1A2BB0236}.Release|x64.Build.0 = Release|Any CPU
		{723A0B47-69C6-4EDA-AD4F-ADB1A2BB0236}.Release|x86.ActiveCfg = Release|Any CPU
		{723A0B47-69C6-4EDA-AD4F-ADB1A2BB0236}.Release|x86.Build.0 = Release|Any CPU
		{61368F03-437B-47FF-BF2A-6014B5CD63E7}.Debug|Any CPU.ActiveCfg = Debug|Any CPU
		{61368F03-437B-47FF-BF2A-6014B5CD63E7}.Debug|Any CPU.Build.0 = Debug|Any CPU
		{61368F03-437B-47FF-BF2A-6014B5CD63E7}.Debug|x64.ActiveCfg = Debug|Any CPU
		{61368F03-437B-47FF-BF2A-6014B5CD63E7}.Debug|x64.Build.0 = Debug|Any CPU
		{61368F03-437B-47FF-BF2A-6014B5CD63E7}.Debug|x86.ActiveCfg = Debug|Any CPU
		{61368F03-437B-47FF-BF2A-6014B5CD63E7}.Debug|x86.Build.0 = Debug|Any CPU
		{61368F03-437B-47FF-BF2A-6014B5CD63E7}.Release|Any CPU.ActiveCfg = Release|Any CPU
		{61368F03-437B-47FF-BF2A-6014B5CD63E7}.Release|Any CPU.Build.0 = Release|Any CPU
		{61368F03-437B-47FF-BF2A-6014B5CD63E7}.Release|x64.ActiveCfg = Release|Any CPU
		{61368F03-437B-47FF-BF2A-6014B5CD63E7}.Release|x64.Build.0 = Release|Any CPU
		{61368F03-437B-47FF-BF2A-6014B5CD63E7}.Release|x86.ActiveCfg = Release|Any CPU
		{61368F03-437B-47FF-BF2A-6014B5CD63E7}.Release|x86.Build.0 = Release|Any CPU
		{F724A1C4-AF0A-4C95-8ED3-1EF1C6FC9F71}.Debug|Any CPU.ActiveCfg = Debug|Any CPU
		{F724A1C4-AF0A-4C95-8ED3-1EF1C6FC9F71}.Debug|Any CPU.Build.0 = Debug|Any CPU
		{F724A1C4-AF0A-4C95-8ED3-1EF1C6FC9F71}.Debug|x64.ActiveCfg = Debug|Any CPU
		{F724A1C4-AF0A-4C95-8ED3-1EF1C6FC9F71}.Debug|x64.Build.0 = Debug|Any CPU
		{F724A1C4-AF0A-4C95-8ED3-1EF1C6FC9F71}.Debug|x86.ActiveCfg = Debug|Any CPU
		{F724A1C4-AF0A-4C95-8ED3-1EF1C6FC9F71}.Debug|x86.Build.0 = Debug|Any CPU
		{F724A1C4-AF0A-4C95-8ED3-1EF1C6FC9F71}.Release|Any CPU.ActiveCfg = Release|Any CPU
		{F724A1C4-AF0A-4C95-8ED3-1EF1C6FC9F71}.Release|Any CPU.Build.0 = Release|Any CPU
		{F724A1C4-AF0A-4C95-8ED3-1EF1C6FC9F71}.Release|x64.ActiveCfg = Release|Any CPU
		{F724A1C4-AF0A-4C95-8ED3-1EF1C6FC9F71}.Release|x64.Build.0 = Release|Any CPU
		{F724A1C4-AF0A-4C95-8ED3-1EF1C6FC9F71}.Release|x86.ActiveCfg = Release|Any CPU
		{F724A1C4-AF0A-4C95-8ED3-1EF1C6FC9F71}.Release|x86.Build.0 = Release|Any CPU
		{935D30F3-5F89-4389-B1A9-CCDCDCA0746E}.Debug|Any CPU.ActiveCfg = Debug|Any CPU
		{935D30F3-5F89-4389-B1A9-CCDCDCA0746E}.Debug|Any CPU.Build.0 = Debug|Any CPU
		{935D30F3-5F89-4389-B1A9-CCDCDCA0746E}.Debug|x64.ActiveCfg = Debug|Any CPU
		{935D30F3-5F89-4389-B1A9-CCDCDCA0746E}.Debug|x64.Build.0 = Debug|Any CPU
		{935D30F3-5F89-4389-B1A9-CCDCDCA0746E}.Debug|x86.ActiveCfg = Debug|Any CPU
		{935D30F3-5F89-4389-B1A9-CCDCDCA0746E}.Debug|x86.Build.0 = Debug|Any CPU
		{935D30F3-5F89-4389-B1A9-CCDCDCA0746E}.Release|Any CPU.ActiveCfg = Release|Any CPU
		{935D30F3-5F89-4389-B1A9-CCDCDCA0746E}.Release|Any CPU.Build.0 = Release|Any CPU
		{935D30F3-5F89-4389-B1A9-CCDCDCA0746E}.Release|x64.ActiveCfg = Release|Any CPU
		{935D30F3-5F89-4389-B1A9-CCDCDCA0746E}.Release|x64.Build.0 = Release|Any CPU
		{935D30F3-5F89-4389-B1A9-CCDCDCA0746E}.Release|x86.ActiveCfg = Release|Any CPU
		{935D30F3-5F89-4389-B1A9-CCDCDCA0746E}.Release|x86.Build.0 = Release|Any CPU
		{A38928BF-8B62-42BB-A9EA-BFCB0D469072}.Debug|Any CPU.ActiveCfg = Debug|Any CPU
		{A38928BF-8B62-42BB-A9EA-BFCB0D469072}.Debug|Any CPU.Build.0 = Debug|Any CPU
		{A38928BF-8B62-42BB-A9EA-BFCB0D469072}.Debug|x64.ActiveCfg = Debug|Any CPU
		{A38928BF-8B62-42BB-A9EA-BFCB0D469072}.Debug|x64.Build.0 = Debug|Any CPU
		{A38928BF-8B62-42BB-A9EA-BFCB0D469072}.Debug|x86.ActiveCfg = Debug|Any CPU
		{A38928BF-8B62-42BB-A9EA-BFCB0D469072}.Debug|x86.Build.0 = Debug|Any CPU
		{A38928BF-8B62-42BB-A9EA-BFCB0D469072}.Release|Any CPU.ActiveCfg = Release|Any CPU
		{A38928BF-8B62-42BB-A9EA-BFCB0D469072}.Release|Any CPU.Build.0 = Release|Any CPU
		{A38928BF-8B62-42BB-A9EA-BFCB0D469072}.Release|x64.ActiveCfg = Release|Any CPU
		{A38928BF-8B62-42BB-A9EA-BFCB0D469072}.Release|x64.Build.0 = Release|Any CPU
		{A38928BF-8B62-42BB-A9EA-BFCB0D469072}.Release|x86.ActiveCfg = Release|Any CPU
		{A38928BF-8B62-42BB-A9EA-BFCB0D469072}.Release|x86.Build.0 = Release|Any CPU
		{AB4E7D61-E8D4-46C9-815B-4E8370647FF7}.Debug|Any CPU.ActiveCfg = Debug|Any CPU
		{AB4E7D61-E8D4-46C9-815B-4E8370647FF7}.Debug|Any CPU.Build.0 = Debug|Any CPU
		{AB4E7D61-E8D4-46C9-815B-4E8370647FF7}.Debug|x64.ActiveCfg = Debug|Any CPU
		{AB4E7D61-E8D4-46C9-815B-4E8370647FF7}.Debug|x64.Build.0 = Debug|Any CPU
		{AB4E7D61-E8D4-46C9-815B-4E8370647FF7}.Debug|x86.ActiveCfg = Debug|Any CPU
		{AB4E7D61-E8D4-46C9-815B-4E8370647FF7}.Debug|x86.Build.0 = Debug|Any CPU
		{AB4E7D61-E8D4-46C9-815B-4E8370647FF7}.Release|Any CPU.ActiveCfg = Release|Any CPU
		{AB4E7D61-E8D4-46C9-815B-4E8370647FF7}.Release|Any CPU.Build.0 = Release|Any CPU
		{AB4E7D61-E8D4-46C9-815B-4E8370647FF7}.Release|x64.ActiveCfg = Release|Any CPU
		{AB4E7D61-E8D4-46C9-815B-4E8370647FF7}.Release|x64.Build.0 = Release|Any CPU
		{AB4E7D61-E8D4-46C9-815B-4E8370647FF7}.Release|x86.ActiveCfg = Release|Any CPU
		{AB4E7D61-E8D4-46C9-815B-4E8370647FF7}.Release|x86.Build.0 = Release|Any CPU
		{A7192845-7E84-4EC6-9005-616012D975DD}.Debug|Any CPU.ActiveCfg = Debug|Any CPU
		{A7192845-7E84-4EC6-9005-616012D975DD}.Debug|Any CPU.Build.0 = Debug|Any CPU
		{A7192845-7E84-4EC6-9005-616012D975DD}.Debug|x64.ActiveCfg = Debug|Any CPU
		{A7192845-7E84-4EC6-9005-616012D975DD}.Debug|x64.Build.0 = Debug|Any CPU
		{A7192845-7E84-4EC6-9005-616012D975DD}.Debug|x86.ActiveCfg = Debug|Any CPU
		{A7192845-7E84-4EC6-9005-616012D975DD}.Debug|x86.Build.0 = Debug|Any CPU
		{A7192845-7E84-4EC6-9005-616012D975DD}.Release|Any CPU.ActiveCfg = Release|Any CPU
		{A7192845-7E84-4EC6-9005-616012D975DD}.Release|Any CPU.Build.0 = Release|Any CPU
		{A7192845-7E84-4EC6-9005-616012D975DD}.Release|x64.ActiveCfg = Release|Any CPU
		{A7192845-7E84-4EC6-9005-616012D975DD}.Release|x64.Build.0 = Release|Any CPU
		{A7192845-7E84-4EC6-9005-616012D975DD}.Release|x86.ActiveCfg = Release|Any CPU
		{A7192845-7E84-4EC6-9005-616012D975DD}.Release|x86.Build.0 = Release|Any CPU
	EndGlobalSection
	GlobalSection(SolutionProperties) = preSolution
		HideSolutionNode = FALSE
	EndGlobalSection
	GlobalSection(NestedProjects) = preSolution
		{4926CE11-19C6-429C-BC74-20F45F229050} = {1CDB8257-D98E-AF38-204D-5645D4EEB404}
		{D5923636-7C41-4063-A031-FB0D9AC4A1DF} = {1CDB8257-D98E-AF38-204D-5645D4EEB404}
		{64A26A1C-E98A-4797-834A-F5D39AE39896} = {1CDB8257-D98E-AF38-204D-5645D4EEB404}
		{8CF0D6F7-815F-4E1D-9983-C3AF4B0559C4} = {1CDB8257-D98E-AF38-204D-5645D4EEB404}
		{723A0B47-69C6-4EDA-AD4F-ADB1A2BB0236} = {1CDB8257-D98E-AF38-204D-5645D4EEB404}
		{61368F03-437B-47FF-BF2A-6014B5CD63E7} = {2C0108AB-5D27-61AE-3E27-841A964D9CD4}
		{F724A1C4-AF0A-4C95-8ED3-1EF1C6FC9F71} = {2C0108AB-5D27-61AE-3E27-841A964D9CD4}
		{935D30F3-5F89-4389-B1A9-CCDCDCA0746E} = {2C0108AB-5D27-61AE-3E27-841A964D9CD4}
		{A38928BF-8B62-42BB-A9EA-BFCB0D469072} = {2C0108AB-5D27-61AE-3E27-841A964D9CD4}
		{AB4E7D61-E8D4-46C9-815B-4E8370647FF7} = {2C0108AB-5D27-61AE-3E27-841A964D9CD4}
		{A7192845-7E84-4EC6-9005-616012D975DD} = {7266C4A9-E384-DC00-0EB6-47F6002CFBA7}
	EndGlobalSection
EndGlobal
